// !$*UTF8*$!
{
	archiveVersion = 1;
	classes = {
	};
	objectVersion = 55;
	objects = {

/* Begin PBXBuildFile section */
		8E88F3B5299D188800114FF2 /* CertificateViewModel.swift in Sources */ = {isa = PBXBuildFile; fileRef = 8E88F3B4299D188800114FF2 /* CertificateViewModel.swift */; };
		8E88F3B7299D356F00114FF2 /* CertificatesView.swift in Sources */ = {isa = PBXBuildFile; fileRef = 8E88F3B6299D356F00114FF2 /* CertificatesView.swift */; };
		8E88F3BA299D371A00114FF2 /* CertificateCard.swift in Sources */ = {isa = PBXBuildFile; fileRef = 8E88F3B9299D371900114FF2 /* CertificateCard.swift */; };
		8E9326C9299A8C36005C6E2A /* CombineAndDataApp.swift in Sources */ = {isa = PBXBuildFile; fileRef = 8E9326C8299A8C36005C6E2A /* CombineAndDataApp.swift */; };
		8E9326CB299A8C36005C6E2A /* ContentView.swift in Sources */ = {isa = PBXBuildFile; fileRef = 8E9326CA299A8C36005C6E2A /* ContentView.swift */; };
		8E9326CD299A8C3B005C6E2A /* Assets.xcassets in Resources */ = {isa = PBXBuildFile; fileRef = 8E9326CC299A8C3B005C6E2A /* Assets.xcassets */; };
		8E9326D0299A8C3B005C6E2A /* Preview Assets.xcassets in Resources */ = {isa = PBXBuildFile; fileRef = 8E9326CF299A8C3B005C6E2A /* Preview Assets.xcassets */; };
		8E9326D9299A8D4C005C6E2A /* AccountBackground.swift in Sources */ = {isa = PBXBuildFile; fileRef = 8E9326D7299A8D4B005C6E2A /* AccountBackground.swift */; };
		8E9326DA299A8D4C005C6E2A /* VisualEffectBlur.swift in Sources */ = {isa = PBXBuildFile; fileRef = 8E9326D8299A8D4C005C6E2A /* VisualEffectBlur.swift */; };
		8E9326DE299AA487005C6E2A /* TrackableScrollView.swift in Sources */ = {isa = PBXBuildFile; fileRef = 8E9326DD299AA487005C6E2A /* TrackableScrollView.swift */; };
		8E9326E0299AA99F005C6E2A /* MenuRow.swift in Sources */ = {isa = PBXBuildFile; fileRef = 8E9326DF299AA99F005C6E2A /* MenuRow.swift */; };
		8E9326E2299AAB4C005C6E2A /* GradientIcon.swift in Sources */ = {isa = PBXBuildFile; fileRef = 8E9326E1299AAB4C005C6E2A /* GradientIcon.swift */; };
		8E9326E4299AB485005C6E2A /* FAQView.swift in Sources */ = {isa = PBXBuildFile; fileRef = 8E9326E3299AB485005C6E2A /* FAQView.swift */; };
		8E9326E6299AB497005C6E2A /* PackagesView.swift in Sources */ = {isa = PBXBuildFile; fileRef = 8E9326E5299AB497005C6E2A /* PackagesView.swift */; };
		8EAA8479299BC62E007F2E07 /* Package.swift in Sources */ = {isa = PBXBuildFile; fileRef = 8EAA8478299BC62E007F2E07 /* Package.swift */; };
		8EAA847B299BC751007F2E07 /* PackageRow.swift in Sources */ = {isa = PBXBuildFile; fileRef = 8EAA847A299BC751007F2E07 /* PackageRow.swift */; };
		8EAA847D299C3EB9007F2E07 /* FAQ.swift in Sources */ = {isa = PBXBuildFile; fileRef = 8EAA847C299C3EB9007F2E07 /* FAQ.swift */; };
		8EAA8480299C4178007F2E07 /* faqData.json in Resources */ = {isa = PBXBuildFile; fileRef = 8EAA847F299C4177007F2E07 /* faqData.json */; };
		8EAA8483299C4251007F2E07 /* ModeData.swift in Sources */ = {isa = PBXBuildFile; fileRef = 8EAA8482299C4251007F2E07 /* ModeData.swift */; };
		8EAA8485299C4495007F2E07 /* FAQRow.swift in Sources */ = {isa = PBXBuildFile; fileRef = 8EAA8484299C4495007F2E07 /* FAQRow.swift */; };
		8EAA8488299C46CF007F2E07 /* PrimaryButton.swift in Sources */ = {isa = PBXBuildFile; fileRef = 8EAA8487299C46CF007F2E07 /* PrimaryButton.swift */; };
		8EAA848A299C4809007F2E07 /* Extensions.swift in Sources */ = {isa = PBXBuildFile; fileRef = 8EAA8489299C4809007F2E07 /* Extensions.swift */; };
		8EAA848C299CC907007F2E07 /* ProfileRow.swift in Sources */ = {isa = PBXBuildFile; fileRef = 8EAA848B299CC907007F2E07 /* ProfileRow.swift */; };
		8EAA848F299CD9FA007F2E07 /* FirebaseFirestore in Frameworks */ = {isa = PBXBuildFile; productRef = 8EAA848E299CD9FA007F2E07 /* FirebaseFirestore */; };
		8EAA8491299CDA24007F2E07 /* GoogleService-Info.plist in Resources */ = {isa = PBXBuildFile; fileRef = 8EAA8490299CDA24007F2E07 /* GoogleService-Info.plist */; };
		8EAA8493299D0E93007F2E07 /* Certificate.swift in Sources */ = {isa = PBXBuildFile; fileRef = 8EAA8492299D0E92007F2E07 /* Certificate.swift */; };
/* End PBXBuildFile section */

/* Begin PBXContainerItemProxy section */
		8EA3254E29A4E05C007C13B6 /* PBXContainerItemProxy */ = {
			isa = PBXContainerItemProxy;
			containerPortal = 8E9326BD299A8C35005C6E2A /* Project object */;
			proxyType = 1;
			remoteGlobalIDString = 8E9326C4299A8C36005C6E2A;
			remoteInfo = CombineAndData;
		};
/* End PBXContainerItemProxy section */

/* Begin PBXFileReference section */
		8E88F3B4299D188800114FF2 /* CertificateViewModel.swift */ = {isa = PBXFileReference; lastKnownFileType = sourcecode.swift; path = CertificateViewModel.swift; sourceTree = "<group>"; };
		8E88F3B6299D356F00114FF2 /* CertificatesView.swift */ = {isa = PBXFileReference; lastKnownFileType = sourcecode.swift; path = CertificatesView.swift; sourceTree = "<group>"; };
		8E88F3B9299D371900114FF2 /* CertificateCard.swift */ = {isa = PBXFileReference; lastKnownFileType = sourcecode.swift; path = CertificateCard.swift; sourceTree = "<group>"; };
		8E9326C5299A8C36005C6E2A /* CombineAndData.app */ = {isa = PBXFileReference; explicitFileType = wrapper.application; includeInIndex = 0; path = CombineAndData.app; sourceTree = BUILT_PRODUCTS_DIR; };
		8E9326C8299A8C36005C6E2A /* CombineAndDataApp.swift */ = {isa = PBXFileReference; lastKnownFileType = sourcecode.swift; path = CombineAndDataApp.swift; sourceTree = "<group>"; };
		8E9326CA299A8C36005C6E2A /* ContentView.swift */ = {isa = PBXFileReference; lastKnownFileType = sourcecode.swift; path = ContentView.swift; sourceTree = "<group>"; };
		8E9326CC299A8C3B005C6E2A /* Assets.xcassets */ = {isa = PBXFileReference; lastKnownFileType = folder.assetcatalog; path = Assets.xcassets; sourceTree = "<group>"; };
		8E9326CF299A8C3B005C6E2A /* Preview Assets.xcassets */ = {isa = PBXFileReference; lastKnownFileType = folder.assetcatalog; path = "Preview Assets.xcassets"; sourceTree = "<group>"; };
		8E9326D7299A8D4B005C6E2A /* AccountBackground.swift */ = {isa = PBXFileReference; fileEncoding = 4; lastKnownFileType = sourcecode.swift; path = AccountBackground.swift; sourceTree = "<group>"; };
		8E9326D8299A8D4C005C6E2A /* VisualEffectBlur.swift */ = {isa = PBXFileReference; fileEncoding = 4; lastKnownFileType = sourcecode.swift; path = VisualEffectBlur.swift; sourceTree = "<group>"; };
		8E9326DD299AA487005C6E2A /* TrackableScrollView.swift */ = {isa = PBXFileReference; lastKnownFileType = sourcecode.swift; path = TrackableScrollView.swift; sourceTree = "<group>"; };
		8E9326DF299AA99F005C6E2A /* MenuRow.swift */ = {isa = PBXFileReference; lastKnownFileType = sourcecode.swift; path = MenuRow.swift; sourceTree = "<group>"; };
		8E9326E1299AAB4C005C6E2A /* GradientIcon.swift */ = {isa = PBXFileReference; lastKnownFileType = sourcecode.swift; path = GradientIcon.swift; sourceTree = "<group>"; };
		8E9326E3299AB485005C6E2A /* FAQView.swift */ = {isa = PBXFileReference; lastKnownFileType = sourcecode.swift; path = FAQView.swift; sourceTree = "<group>"; };
		8E9326E5299AB497005C6E2A /* PackagesView.swift */ = {isa = PBXFileReference; lastKnownFileType = sourcecode.swift; path = PackagesView.swift; sourceTree = "<group>"; };
		8EA3254A29A4E05C007C13B6 /* userauthtest.xctest */ = {isa = PBXFileReference; explicitFileType = wrapper.cfbundle; includeInIndex = 0; path = userauthtest.xctest; sourceTree = BUILT_PRODUCTS_DIR; };
		8EAA8478299BC62E007F2E07 /* Package.swift */ = {isa = PBXFileReference; lastKnownFileType = sourcecode.swift; path = Package.swift; sourceTree = "<group>"; };
		8EAA847A299BC751007F2E07 /* PackageRow.swift */ = {isa = PBXFileReference; lastKnownFileType = sourcecode.swift; path = PackageRow.swift; sourceTree = "<group>"; };
		8EAA847C299C3EB9007F2E07 /* FAQ.swift */ = {isa = PBXFileReference; lastKnownFileType = sourcecode.swift; path = FAQ.swift; sourceTree = "<group>"; };
		8EAA847F299C4177007F2E07 /* faqData.json */ = {isa = PBXFileReference; lastKnownFileType = text.json; path = faqData.json; sourceTree = "<group>"; };
		8EAA8482299C4251007F2E07 /* ModeData.swift */ = {isa = PBXFileReference; lastKnownFileType = sourcecode.swift; path = ModeData.swift; sourceTree = "<group>"; };
		8EAA8484299C4495007F2E07 /* FAQRow.swift */ = {isa = PBXFileReference; lastKnownFileType = sourcecode.swift; path = FAQRow.swift; sourceTree = "<group>"; };
		8EAA8487299C46CF007F2E07 /* PrimaryButton.swift */ = {isa = PBXFileReference; lastKnownFileType = sourcecode.swift; path = PrimaryButton.swift; sourceTree = "<group>"; };
		8EAA8489299C4809007F2E07 /* Extensions.swift */ = {isa = PBXFileReference; lastKnownFileType = sourcecode.swift; path = Extensions.swift; sourceTree = "<group>"; };
		8EAA848B299CC907007F2E07 /* ProfileRow.swift */ = {isa = PBXFileReference; lastKnownFileType = sourcecode.swift; path = ProfileRow.swift; sourceTree = "<group>"; };
		8EAA8490299CDA24007F2E07 /* GoogleService-Info.plist */ = {isa = PBXFileReference; fileEncoding = 4; lastKnownFileType = text.plist.xml; path = "GoogleService-Info.plist"; sourceTree = "<group>"; };
		8EAA8492299D0E92007F2E07 /* Certificate.swift */ = {isa = PBXFileReference; lastKnownFileType = sourcecode.swift; path = Certificate.swift; sourceTree = "<group>"; };
/* End PBXFileReference section */

/* Begin PBXFrameworksBuildPhase section */
		8E9326C2299A8C36005C6E2A /* Frameworks */ = {
			isa = PBXFrameworksBuildPhase;
			buildActionMask = 2147483647;
			files = (
				8EAA848F299CD9FA007F2E07 /* FirebaseFirestore in Frameworks */,
			);
			runOnlyForDeploymentPostprocessing = 0;
		};
		8EA3254729A4E05C007C13B6 /* Frameworks */ = {
			isa = PBXFrameworksBuildPhase;
			buildActionMask = 2147483647;
			files = (
			);
			runOnlyForDeploymentPostprocessing = 0;
		};
/* End PBXFrameworksBuildPhase section */

/* Begin PBXGroup section */
		8E88F3B8299D370400114FF2 /* Cards */ = {
			isa = PBXGroup;
			children = (
				8E88F3B9299D371900114FF2 /* CertificateCard.swift */,
			);
			path = Cards;
			sourceTree = "<group>";
		};
		8E9326BC299A8C35005C6E2A = {
			isa = PBXGroup;
			children = (
				8E9326C7299A8C36005C6E2A /* CombineAndData */,
				8EA3254B29A4E05C007C13B6 /* userauthtest */,
				8E9326C6299A8C36005C6E2A /* Products */,
			);
			sourceTree = "<group>";
		};
		8E9326C6299A8C36005C6E2A /* Products */ = {
			isa = PBXGroup;
			children = (
				8E9326C5299A8C36005C6E2A /* CombineAndData.app */,
				8EA3254A29A4E05C007C13B6 /* userauthtest.xctest */,
			);
			name = Products;
			sourceTree = "<group>";
		};
		8E9326C7299A8C36005C6E2A /* CombineAndData */ = {
			isa = PBXGroup;
			children = (
				8EAA8494299D17FF007F2E07 /* ViewModels */,
				8EAA847E299C413B007F2E07 /* Resources */,
				8EAA8475299BC5C0007F2E07 /* Models */,
				8E9326EB299AB518005C6E2A /* Components */,
				8E9326EA299AB500005C6E2A /* Utils */,
				8E9326E7299AB4C8005C6E2A /* Views */,
				8E9326D6299A8CD3005C6E2A /* Graphics */,
				8E9326C8299A8C36005C6E2A /* CombineAndDataApp.swift */,
				8E9326CA299A8C36005C6E2A /* ContentView.swift */,
				8E9326CC299A8C3B005C6E2A /* Assets.xcassets */,
				8EAA8490299CDA24007F2E07 /* GoogleService-Info.plist */,
				8E9326CE299A8C3B005C6E2A /* Preview Content */,
			);
			path = CombineAndData;
			sourceTree = "<group>";
		};
		8E9326CE299A8C3B005C6E2A /* Preview Content */ = {
			isa = PBXGroup;
			children = (
				8E9326CF299A8C3B005C6E2A /* Preview Assets.xcassets */,
			);
			path = "Preview Content";
			sourceTree = "<group>";
		};
		8E9326D6299A8CD3005C6E2A /* Graphics */ = {
			isa = PBXGroup;
			children = (
				8E9326D7299A8D4B005C6E2A /* AccountBackground.swift */,
				8E9326D8299A8D4C005C6E2A /* VisualEffectBlur.swift */,
			);
			path = Graphics;
			sourceTree = "<group>";
		};
		8E9326E7299AB4C8005C6E2A /* Views */ = {
			isa = PBXGroup;
			children = (
				8E9326E5299AB497005C6E2A /* PackagesView.swift */,
				8E9326E3299AB485005C6E2A /* FAQView.swift */,
				8E88F3B6299D356F00114FF2 /* CertificatesView.swift */,
			);
			path = Views;
			sourceTree = "<group>";
		};
		8E9326E8299AB4DA005C6E2A /* Rows */ = {
			isa = PBXGroup;
			children = (
				8E9326DF299AA99F005C6E2A /* MenuRow.swift */,
				8EAA847A299BC751007F2E07 /* PackageRow.swift */,
				8EAA8484299C4495007F2E07 /* FAQRow.swift */,
				8EAA848B299CC907007F2E07 /* ProfileRow.swift */,
			);
			path = Rows;
			sourceTree = "<group>";
		};
		8E9326E9299AB4EB005C6E2A /* Other */ = {
			isa = PBXGroup;
			children = (
				8E9326E1299AAB4C005C6E2A /* GradientIcon.swift */,
			);
			path = Other;
			sourceTree = "<group>";
		};
		8E9326EA299AB500005C6E2A /* Utils */ = {
			isa = PBXGroup;
			children = (
				8E9326DD299AA487005C6E2A /* TrackableScrollView.swift */,
				8EAA8482299C4251007F2E07 /* ModeData.swift */,
				8EAA8489299C4809007F2E07 /* Extensions.swift */,
			);
			path = Utils;
			sourceTree = "<group>";
		};
		8E9326EB299AB518005C6E2A /* Components */ = {
			isa = PBXGroup;
			children = (
				8E88F3B8299D370400114FF2 /* Cards */,
				8EAA8486299C46B1007F2E07 /* Buttons */,
				8E9326E9299AB4EB005C6E2A /* Other */,
				8E9326E8299AB4DA005C6E2A /* Rows */,
			);
			path = Components;
			sourceTree = "<group>";
		};
		8EA3254B29A4E05C007C13B6 /* userauthtest */ = {
			isa = PBXGroup;
			children = (
			);
			path = userauthtest;
			sourceTree = "<group>";
		};
		8EAA8475299BC5C0007F2E07 /* Models */ = {
			isa = PBXGroup;
			children = (
				8EAA8478299BC62E007F2E07 /* Package.swift */,
				8EAA847C299C3EB9007F2E07 /* FAQ.swift */,
				8EAA8492299D0E92007F2E07 /* Certificate.swift */,
			);
			path = Models;
			sourceTree = "<group>";
		};
		8EAA847E299C413B007F2E07 /* Resources */ = {
			isa = PBXGroup;
			children = (
				8EAA847F299C4177007F2E07 /* faqData.json */,
			);
			path = Resources;
			sourceTree = "<group>";
		};
		8EAA8486299C46B1007F2E07 /* Buttons */ = {
			isa = PBXGroup;
			children = (
				8EAA8487299C46CF007F2E07 /* PrimaryButton.swift */,
			);
			path = Buttons;
			sourceTree = "<group>";
		};
		8EAA8494299D17FF007F2E07 /* ViewModels */ = {
			isa = PBXGroup;
			children = (
				8E88F3B4299D188800114FF2 /* CertificateViewModel.swift */,
			);
			path = ViewModels;
			sourceTree = "<group>";
		};
/* End PBXGroup section */

/* Begin PBXNativeTarget section */
		8E9326C4299A8C36005C6E2A /* CombineAndData */ = {
			isa = PBXNativeTarget;
			buildConfigurationList = 8E9326D3299A8C3B005C6E2A /* Build configuration list for PBXNativeTarget "CombineAndData" */;
			buildPhases = (
				8E9326C1299A8C36005C6E2A /* Sources */,
				8E9326C2299A8C36005C6E2A /* Frameworks */,
				8E9326C3299A8C36005C6E2A /* Resources */,
			);
			buildRules = (
			);
			dependencies = (
			);
			name = CombineAndData;
			packageProductDependencies = (
				8EAA848E299CD9FA007F2E07 /* FirebaseFirestore */,
			);
			productName = CombineAndData;
			productReference = 8E9326C5299A8C36005C6E2A /* CombineAndData.app */;
			productType = "com.apple.product-type.application";
		};
		8EA3254929A4E05C007C13B6 /* userauthtest */ = {
			isa = PBXNativeTarget;
			buildConfigurationList = 8EA3255229A4E05C007C13B6 /* Build configuration list for PBXNativeTarget "userauthtest" */;
			buildPhases = (
				8EA3254629A4E05C007C13B6 /* Sources */,
				8EA3254729A4E05C007C13B6 /* Frameworks */,
				8EA3254829A4E05C007C13B6 /* Resources */,
			);
			buildRules = (
			);
			dependencies = (
				8EA3254F29A4E05C007C13B6 /* PBXTargetDependency */,
			);
			name = userauthtest;
			productName = userauthtest;
			productReference = 8EA3254A29A4E05C007C13B6 /* userauthtest.xctest */;
			productType = "com.apple.product-type.bundle.unit-test";
		};
/* End PBXNativeTarget section */

/* Begin PBXProject section */
		8E9326BD299A8C35005C6E2A /* Project object */ = {
			isa = PBXProject;
			attributes = {
				BuildIndependentTargetsInParallel = 1;
				LastSwiftUpdateCheck = 1340;
				LastUpgradeCheck = 1340;
				TargetAttributes = {
					8E9326C4299A8C36005C6E2A = {
						CreatedOnToolsVersion = 13.4.1;
					};
					8EA3254929A4E05C007C13B6 = {
						CreatedOnToolsVersion = 13.4.1;
						TestTargetID = 8E9326C4299A8C36005C6E2A;
					};
				};
			};
			buildConfigurationList = 8E9326C0299A8C36005C6E2A /* Build configuration list for PBXProject "CombineAndData" */;
			compatibilityVersion = "Xcode 13.0";
			developmentRegion = en;
			hasScannedForEncodings = 0;
			knownRegions = (
				en,
				Base,
			);
			mainGroup = 8E9326BC299A8C35005C6E2A;
			packageReferences = (
				8EAA848D299CD9F9007F2E07 /* XCRemoteSwiftPackageReference "firebase-ios-sdk" */,
			);
			productRefGroup = 8E9326C6299A8C36005C6E2A /* Products */;
			projectDirPath = "";
			projectRoot = "";
			targets = (
				8E9326C4299A8C36005C6E2A /* CombineAndData */,
				8EA3254929A4E05C007C13B6 /* userauthtest */,
			);
		};
/* End PBXProject section */

/* Begin PBXResourcesBuildPhase section */
		8E9326C3299A8C36005C6E2A /* Resources */ = {
			isa = PBXResourcesBuildPhase;
			buildActionMask = 2147483647;
			files = (
				8E9326D0299A8C3B005C6E2A /* Preview Assets.xcassets in Resources */,
				8EAA8491299CDA24007F2E07 /* GoogleService-Info.plist in Resources */,
				8E9326CD299A8C3B005C6E2A /* Assets.xcassets in Resources */,
				8EAA8480299C4178007F2E07 /* faqData.json in Resources */,
			);
			runOnlyForDeploymentPostprocessing = 0;
		};
		8EA3254829A4E05C007C13B6 /* Resources */ = {
			isa = PBXResourcesBuildPhase;
			buildActionMask = 2147483647;
			files = (
			);
			runOnlyForDeploymentPostprocessing = 0;
		};
/* End PBXResourcesBuildPhase section */

/* Begin PBXSourcesBuildPhase section */
		8E9326C1299A8C36005C6E2A /* Sources */ = {
			isa = PBXSourcesBuildPhase;
			buildActionMask = 2147483647;
			files = (
				8E9326CB299A8C36005C6E2A /* ContentView.swift in Sources */,
				8EAA8485299C4495007F2E07 /* FAQRow.swift in Sources */,
				8E9326DE299AA487005C6E2A /* TrackableScrollView.swift in Sources */,
				8EAA8493299D0E93007F2E07 /* Certificate.swift in Sources */,
				8E9326D9299A8D4C005C6E2A /* AccountBackground.swift in Sources */,
				8EAA847B299BC751007F2E07 /* PackageRow.swift in Sources */,
				8EAA8483299C4251007F2E07 /* ModeData.swift in Sources */,
				8E9326E4299AB485005C6E2A /* FAQView.swift in Sources */,
				8E9326E6299AB497005C6E2A /* PackagesView.swift in Sources */,
				8E9326E2299AAB4C005C6E2A /* GradientIcon.swift in Sources */,
				8E88F3B5299D188800114FF2 /* CertificateViewModel.swift in Sources */,
				8E88F3BA299D371A00114FF2 /* CertificateCard.swift in Sources */,
				8EAA848C299CC907007F2E07 /* ProfileRow.swift in Sources */,
				8EAA8479299BC62E007F2E07 /* Package.swift in Sources */,
				8EAA847D299C3EB9007F2E07 /* FAQ.swift in Sources */,
				8EAA848A299C4809007F2E07 /* Extensions.swift in Sources */,
				8E9326C9299A8C36005C6E2A /* CombineAndDataApp.swift in Sources */,
				8EAA8488299C46CF007F2E07 /* PrimaryButton.swift in Sources */,
				8E9326DA299A8D4C005C6E2A /* VisualEffectBlur.swift in Sources */,
				8E88F3B7299D356F00114FF2 /* CertificatesView.swift in Sources */,
				8E9326E0299AA99F005C6E2A /* MenuRow.swift in Sources */,
			);
			runOnlyForDeploymentPostprocessing = 0;
		};
		8EA3254629A4E05C007C13B6 /* Sources */ = {
			isa = PBXSourcesBuildPhase;
			buildActionMask = 2147483647;
			files = (
			);
			runOnlyForDeploymentPostprocessing = 0;
		};
/* End PBXSourcesBuildPhase section */

/* Begin PBXTargetDependency section */
		8EA3254F29A4E05C007C13B6 /* PBXTargetDependency */ = {
			isa = PBXTargetDependency;
			target = 8E9326C4299A8C36005C6E2A /* CombineAndData */;
			targetProxy = 8EA3254E29A4E05C007C13B6 /* PBXContainerItemProxy */;
		};
/* End PBXTargetDependency section */

/* Begin XCBuildConfiguration section */
		8E9326D1299A8C3B005C6E2A /* Debug */ = {
			isa = XCBuildConfiguration;
			buildSettings = {
				ALWAYS_SEARCH_USER_PATHS = NO;
				CLANG_ANALYZER_NONNULL = YES;
				CLANG_ANALYZER_NUMBER_OBJECT_CONVERSION = YES_AGGRESSIVE;
				CLANG_CXX_LANGUAGE_STANDARD = "gnu++17";
				CLANG_ENABLE_MODULES = YES;
				CLANG_ENABLE_OBJC_ARC = YES;
				CLANG_ENABLE_OBJC_WEAK = YES;
				CLANG_WARN_BLOCK_CAPTURE_AUTORELEASING = YES;
				CLANG_WARN_BOOL_CONVERSION = YES;
				CLANG_WARN_COMMA = YES;
				CLANG_WARN_CONSTANT_CONVERSION = YES;
				CLANG_WARN_DEPRECATED_OBJC_IMPLEMENTATIONS = YES;
				CLANG_WARN_DIRECT_OBJC_ISA_USAGE = YES_ERROR;
				CLANG_WARN_DOCUMENTATION_COMMENTS = YES;
				CLANG_WARN_EMPTY_BODY = YES;
				CLANG_WARN_ENUM_CONVERSION = YES;
				CLANG_WARN_INFINITE_RECURSION = YES;
				CLANG_WARN_INT_CONVERSION = YES;
				CLANG_WARN_NON_LITERAL_NULL_CONVERSION = YES;
				CLANG_WARN_OBJC_IMPLICIT_RETAIN_SELF = YES;
				CLANG_WARN_OBJC_LITERAL_CONVERSION = YES;
				CLANG_WARN_OBJC_ROOT_CLASS = YES_ERROR;
				CLANG_WARN_QUOTED_INCLUDE_IN_FRAMEWORK_HEADER = YES;
				CLANG_WARN_RANGE_LOOP_ANALYSIS = YES;
				CLANG_WARN_STRICT_PROTOTYPES = YES;
				CLANG_WARN_SUSPICIOUS_MOVE = YES;
				CLANG_WARN_UNGUARDED_AVAILABILITY = YES_AGGRESSIVE;
				CLANG_WARN_UNREACHABLE_CODE = YES;
				CLANG_WARN__DUPLICATE_METHOD_MATCH = YES;
				COPY_PHASE_STRIP = NO;
				DEBUG_INFORMATION_FORMAT = dwarf;
				ENABLE_STRICT_OBJC_MSGSEND = YES;
				ENABLE_TESTABILITY = YES;
				GCC_C_LANGUAGE_STANDARD = gnu11;
				GCC_DYNAMIC_NO_PIC = NO;
				GCC_NO_COMMON_BLOCKS = YES;
				GCC_OPTIMIZATION_LEVEL = 0;
				GCC_PREPROCESSOR_DEFINITIONS = (
					"DEBUG=1",
					"$(inherited)",
				);
				GCC_WARN_64_TO_32_BIT_CONVERSION = YES;
				GCC_WARN_ABOUT_RETURN_TYPE = YES_ERROR;
				GCC_WARN_UNDECLARED_SELECTOR = YES;
				GCC_WARN_UNINITIALIZED_AUTOS = YES_AGGRESSIVE;
				GCC_WARN_UNUSED_FUNCTION = YES;
				GCC_WARN_UNUSED_VARIABLE = YES;
				IPHONEOS_DEPLOYMENT_TARGET = 15.5;
				MTL_ENABLE_DEBUG_INFO = INCLUDE_SOURCE;
				MTL_FAST_MATH = YES;
				ONLY_ACTIVE_ARCH = YES;
				SDKROOT = iphoneos;
				SWIFT_ACTIVE_COMPILATION_CONDITIONS = DEBUG;
				SWIFT_OPTIMIZATION_LEVEL = "-Onone";
			};
			name = Debug;
		};
		8E9326D2299A8C3B005C6E2A /* Release */ = {
			isa = XCBuildConfiguration;
			buildSettings = {
				ALWAYS_SEARCH_USER_PATHS = NO;
				CLANG_ANALYZER_NONNULL = YES;
				CLANG_ANALYZER_NUMBER_OBJECT_CONVERSION = YES_AGGRESSIVE;
				CLANG_CXX_LANGUAGE_STANDARD = "gnu++17";
				CLANG_ENABLE_MODULES = YES;
				CLANG_ENABLE_OBJC_ARC = YES;
				CLANG_ENABLE_OBJC_WEAK = YES;
				CLANG_WARN_BLOCK_CAPTURE_AUTORELEASING = YES;
				CLANG_WARN_BOOL_CONVERSION = YES;
				CLANG_WARN_COMMA = YES;
				CLANG_WARN_CONSTANT_CONVERSION = YES;
				CLANG_WARN_DEPRECATED_OBJC_IMPLEMENTATIONS = YES;
				CLANG_WARN_DIRECT_OBJC_ISA_USAGE = YES_ERROR;
				CLANG_WARN_DOCUMENTATION_COMMENTS = YES;
				CLANG_WARN_EMPTY_BODY = YES;
				CLANG_WARN_ENUM_CONVERSION = YES;
				CLANG_WARN_INFINITE_RECURSION = YES;
				CLANG_WARN_INT_CONVERSION = YES;
				CLANG_WARN_NON_LITERAL_NULL_CONVERSION = YES;
				CLANG_WARN_OBJC_IMPLICIT_RETAIN_SELF = YES;
				CLANG_WARN_OBJC_LITERAL_CONVERSION = YES;
				CLANG_WARN_OBJC_ROOT_CLASS = YES_ERROR;
				CLANG_WARN_QUOTED_INCLUDE_IN_FRAMEWORK_HEADER = YES;
				CLANG_WARN_RANGE_LOOP_ANALYSIS = YES;
				CLANG_WARN_STRICT_PROTOTYPES = YES;
				CLANG_WARN_SUSPICIOUS_MOVE = YES;
				CLANG_WARN_UNGUARDED_AVAILABILITY = YES_AGGRESSIVE;
				CLANG_WARN_UNREACHABLE_CODE = YES;
				CLANG_WARN__DUPLICATE_METHOD_MATCH = YES;
				COPY_PHASE_STRIP = NO;
				DEBUG_INFORMATION_FORMAT = "dwarf-with-dsym";
				ENABLE_NS_ASSERTIONS = NO;
				ENABLE_STRICT_OBJC_MSGSEND = YES;
				GCC_C_LANGUAGE_STANDARD = gnu11;
				GCC_NO_COMMON_BLOCKS = YES;
				GCC_WARN_64_TO_32_BIT_CONVERSION = YES;
				GCC_WARN_ABOUT_RETURN_TYPE = YES_ERROR;
				GCC_WARN_UNDECLARED_SELECTOR = YES;
				GCC_WARN_UNINITIALIZED_AUTOS = YES_AGGRESSIVE;
				GCC_WARN_UNUSED_FUNCTION = YES;
				GCC_WARN_UNUSED_VARIABLE = YES;
				IPHONEOS_DEPLOYMENT_TARGET = 15.5;
				MTL_ENABLE_DEBUG_INFO = NO;
				MTL_FAST_MATH = YES;
				SDKROOT = iphoneos;
				SWIFT_COMPILATION_MODE = wholemodule;
				SWIFT_OPTIMIZATION_LEVEL = "-O";
				VALIDATE_PRODUCT = YES;
			};
			name = Release;
		};
		8E9326D4299A8C3B005C6E2A /* Debug */ = {
			isa = XCBuildConfiguration;
			buildSettings = {
				ASSETCATALOG_COMPILER_APPICON_NAME = AppIcon;
				ASSETCATALOG_COMPILER_GLOBAL_ACCENT_COLOR_NAME = AccentColor;
				CODE_SIGN_STYLE = Automatic;
				CURRENT_PROJECT_VERSION = 1;
				DEVELOPMENT_ASSET_PATHS = "\"CombineAndData/Preview Content\"";
				DEVELOPMENT_TEAM = C493VDTW7S;
				ENABLE_PREVIEWS = YES;
				GENERATE_INFOPLIST_FILE = YES;
				INFOPLIST_KEY_UIApplicationSceneManifest_Generation = YES;
				INFOPLIST_KEY_UIApplicationSupportsIndirectInputEvents = YES;
				INFOPLIST_KEY_UILaunchScreen_Generation = YES;
				INFOPLIST_KEY_UISupportedInterfaceOrientations_iPad = "UIInterfaceOrientationPortrait UIInterfaceOrientationPortraitUpsideDown UIInterfaceOrientationLandscapeLeft UIInterfaceOrientationLandscapeRight";
				INFOPLIST_KEY_UISupportedInterfaceOrientations_iPhone = "UIInterfaceOrientationPortrait UIInterfaceOrientationLandscapeLeft UIInterfaceOrientationLandscapeRight";
				LD_RUNPATH_SEARCH_PATHS = (
					"$(inherited)",
					"@executable_path/Frameworks",
				);
				MARKETING_VERSION = 1.0;
				PRODUCT_BUNDLE_IDENTIFIER = calmdays.CombineAndData;
				PRODUCT_NAME = "$(TARGET_NAME)";
				SWIFT_EMIT_LOC_STRINGS = YES;
				SWIFT_VERSION = 5.0;
				TARGETED_DEVICE_FAMILY = "1,2";
			};
			name = Debug;
		};
		8E9326D5299A8C3B005C6E2A /* Release */ = {
			isa = XCBuildConfiguration;
			buildSettings = {
				ASSETCATALOG_COMPILER_APPICON_NAME = AppIcon;
				ASSETCATALOG_COMPILER_GLOBAL_ACCENT_COLOR_NAME = AccentColor;
				CODE_SIGN_STYLE = Automatic;
				CURRENT_PROJECT_VERSION = 1;
				DEVELOPMENT_ASSET_PATHS = "\"CombineAndData/Preview Content\"";
				DEVELOPMENT_TEAM = C493VDTW7S;
				ENABLE_PREVIEWS = YES;
				GENERATE_INFOPLIST_FILE = YES;
				INFOPLIST_KEY_UIApplicationSceneManifest_Generation = YES;
				INFOPLIST_KEY_UIApplicationSupportsIndirectInputEvents = YES;
				INFOPLIST_KEY_UILaunchScreen_Generation = YES;
				INFOPLIST_KEY_UISupportedInterfaceOrientations_iPad = "UIInterfaceOrientationPortrait UIInterfaceOrientationPortraitUpsideDown UIInterfaceOrientationLandscapeLeft UIInterfaceOrientationLandscapeRight";
				INFOPLIST_KEY_UISupportedInterfaceOrientations_iPhone = "UIInterfaceOrientationPortrait UIInterfaceOrientationLandscapeLeft UIInterfaceOrientationLandscapeRight";
				LD_RUNPATH_SEARCH_PATHS = (
					"$(inherited)",
					"@executable_path/Frameworks",
				);
				MARKETING_VERSION = 1.0;
				PRODUCT_BUNDLE_IDENTIFIER = calmdays.CombineAndData;
				PRODUCT_NAME = "$(TARGET_NAME)";
				SWIFT_EMIT_LOC_STRINGS = YES;
				SWIFT_VERSION = 5.0;
				TARGETED_DEVICE_FAMILY = "1,2";
			};
			name = Release;
		};
		8EA3255029A4E05C007C13B6 /* Debug */ = {
			isa = XCBuildConfiguration;
			buildSettings = {
				BUNDLE_LOADER = "$(TEST_HOST)";
				CODE_SIGN_STYLE = Automatic;
				CURRENT_PROJECT_VERSION = 1;
				DEVELOPMENT_TEAM = C493VDTW7S;
				GENERATE_INFOPLIST_FILE = YES;
				MARKETING_VERSION = 1.0;
				PRODUCT_BUNDLE_IDENTIFIER = calmdays.userauthtest;
				PRODUCT_NAME = "$(TARGET_NAME)";
				SWIFT_EMIT_LOC_STRINGS = NO;
				SWIFT_VERSION = 5.0;
				TARGETED_DEVICE_FAMILY = "1,2";
				TEST_HOST = "$(BUILT_PRODUCTS_DIR)/CombineAndData.app/CombineAndData";
			};
			name = Debug;
		};
		8EA3255129A4E05C007C13B6 /* Release */ = {
			isa = XCBuildConfiguration;
			buildSettings = {
				BUNDLE_LOADER = "$(TEST_HOST)";
				CODE_SIGN_STYLE = Automatic;
				CURRENT_PROJECT_VERSION = 1;
				DEVELOPMENT_TEAM = C493VDTW7S;
				GENERATE_INFOPLIST_FILE = YES;
				MARKETING_VERSION = 1.0;
				PRODUCT_BUNDLE_IDENTIFIER = calmdays.userauthtest;
				PRODUCT_NAME = "$(TARGET_NAME)";
				SWIFT_EMIT_LOC_STRINGS = NO;
				SWIFT_VERSION = 5.0;
				TARGETED_DEVICE_FAMILY = "1,2";
				TEST_HOST = "$(BUILT_PRODUCTS_DIR)/CombineAndData.app/CombineAndData";
			};
			name = Release;
		};
/* End XCBuildConfiguration section */

/* Begin XCConfigurationList section */
		8E9326C0299A8C36005C6E2A /* Build configuration list for PBXProject "CombineAndData" */ = {
			isa = XCConfigurationList;
			buildConfigurations = (
				8E9326D1299A8C3B005C6E2A /* Debug */,
				8E9326D2299A8C3B005C6E2A /* Release */,
			);
			defaultConfigurationIsVisible = 0;
			defaultConfigurationName = Release;
		};
		8E9326D3299A8C3B005C6E2A /* Build configuration list for PBXNativeTarget "CombineAndData" */ = {
			isa = XCConfigurationList;
			buildConfigurations = (
				8E9326D4299A8C3B005C6E2A /* Debug */,
				8E9326D5299A8C3B005C6E2A /* Release */,
			);
			defaultConfigurationIsVisible = 0;
			defaultConfigurationName = Release;
		};
		8EA3255229A4E05C007C13B6 /* Build configuration list for PBXNativeTarget "userauthtest" */ = {
			isa = XCConfigurationList;
			buildConfigurations = (
				8EA3255029A4E05C007C13B6 /* Debug */,
				8EA3255129A4E05C007C13B6 /* Release */,
			);
			defaultConfigurationIsVisible = 0;
			defaultConfigurationName = Release;
		};
/* End XCConfigurationList section */

/* Begin XCRemoteSwiftPackageReference section */
		8EAA848D299CD9F9007F2E07 /* XCRemoteSwiftPackageReference "firebase-ios-sdk" */ = {
			isa = XCRemoteSwiftPackageReference;
			repositoryURL = "https://github.com/firebase/firebase-ios-sdk";
			requirement = {
				kind = upToNextMajorVersion;
				minimumVersion = 9.0.0;
			};
		};
/* End XCRemoteSwiftPackageReference section */

/* Begin XCSwiftPackageProductDependency section */
		8EAA848E299CD9FA007F2E07 /* FirebaseFirestore */ = {
			isa = XCSwiftPackageProductDependency;
			package = 8EAA848D299CD9F9007F2E07 /* XCRemoteSwiftPackageReference "firebase-ios-sdk" */;
			productName = FirebaseFirestore;
		};
/* End XCSwiftPackageProductDependency section */
	};
	rootObject = 8E9326BD299A8C35005C6E2A /* Project object */;
}
